
Microsoft Visual Studio Solution File, Format Version 12.00
# Visual Studio Version 16
VisualStudioVersion = 16.0.30803.129
MinimumVisualStudioVersion = 10.0.40219.1
Project("{FAE04EC0-301F-11D3-BF4B-00C04F79EFBC}") = "YoutubeSubtitleExplorer.UWP", "YoutubeSubtitleExplorer.UWP\YoutubeSubtitleExplorer.UWP.csproj", "{A885CF7C-1FE4-4028-AA01-77D862F2328C}"
EndProject
Project("{FAE04EC0-301F-11D3-BF4B-00C04F79EFBC}") = "YoutubeSubtitleExplorer.Android", "YoutubeSubtitleExplorer.Android\YoutubeSubtitleExplorer.Android.csproj", "{D207F7B8-9ED8-4BB6-80C8-72A16FA096CF}"
EndProject
Project("{FAE04EC0-301F-11D3-BF4B-00C04F79EFBC}") = "YoutubeSubtitleExplorer.iOS", "YoutubeSubtitleExplorer.iOS\YoutubeSubtitleExplorer.iOS.csproj", "{A9390ECF-DC7D-44AF-9DFE-60D32A358FE6}"
EndProject
Project("{FAE04EC0-301F-11D3-BF4B-00C04F79EFBC}") = "YoutubeSubtitleExplorer", "YoutubeSubtitleExplorer\YoutubeSubtitleExplorer.csproj", "{BB9D1F41-43ED-437D-B9D6-7D2D88D382F7}"
EndProject
Global
	GlobalSection(SolutionConfigurationPlatforms) = preSolution
		Debug|Any CPU = Debug|Any CPU
		Debug|ARM = Debug|ARM
		Debug|iPhone = Debug|iPhone
		Debug|iPhoneSimulator = Debug|iPhoneSimulator
		Debug|x64 = Debug|x64
		Debug|x86 = Debug|x86
		Release|Any CPU = Release|Any CPU
		Release|ARM = Release|ARM
		Release|iPhone = Release|iPhone
		Release|iPhoneSimulator = Release|iPhoneSimulator
		Release|x64 = Release|x64
		Release|x86 = Release|x86
	EndGlobalSection
	GlobalSection(ProjectConfigurationPlatforms) = postSolution
		{A885CF7C-1FE4-4028-AA01-77D862F2328C}.Debug|Any CPU.ActiveCfg = Debug|x86
		{A885CF7C-1FE4-4028-AA01-77D862F2328C}.Debug|Any CPU.Build.0 = Debug|x86
		{A885CF7C-1FE4-4028-AA01-77D862F2328C}.Debug|Any CPU.Deploy.0 = Debug|x86
		{A885CF7C-1FE4-4028-AA01-77D862F2328C}.Debug|ARM.ActiveCfg = Debug|ARM
		{A885CF7C-1FE4-4028-AA01-77D862F2328C}.Debug|ARM.Build.0 = Debug|ARM
		{A885CF7C-1FE4-4028-AA01-77D862F2328C}.Debug|ARM.Deploy.0 = Debug|ARM
		{A885CF7C-1FE4-4028-AA01-77D862F2328C}.Debug|iPhone.ActiveCfg = Debug|x86
		{A885CF7C-1FE4-4028-AA01-77D862F2328C}.Debug|iPhone.Build.0 = Debug|x86
		{A885CF7C-1FE4-4028-AA01-77D862F2328C}.Debug|iPhone.Deploy.0 = Debug|x86
		{A885CF7C-1FE4-4028-AA01-77D862F2328C}.Debug|iPhoneSimulator.ActiveCfg = Debug|x86
		{A885CF7C-1FE4-4028-AA01-77D862F2328C}.Debug|iPhoneSimulator.Build.0 = Debug|x86
		{A885CF7C-1FE4-4028-AA01-77D862F2328C}.Debug|iPhoneSimulator.Deploy.0 = Debug|x86
		{A885CF7C-1FE4-4028-AA01-77D862F2328C}.Debug|x64.ActiveCfg = Debug|x64
		{A885CF7C-1FE4-4028-AA01-77D862F2328C}.Debug|x64.Build.0 = Debug|x64
		{A885CF7C-1FE4-4028-AA01-77D862F2328C}.Debug|x64.Deploy.0 = Debug|x64
		{A885CF7C-1FE4-4028-AA01-77D862F2328C}.Debug|x86.ActiveCfg = Debug|x86
		{A885CF7C-1FE4-4028-AA01-77D862F2328C}.Debug|x86.Build.0 = Debug|x86
		{A885CF7C-1FE4-4028-AA01-77D862F2328C}.Debug|x86.Deploy.0 = Debug|x86
		{A885CF7C-1FE4-4028-AA01-77D862F2328C}.Release|Any CPU.ActiveCfg = Release|x86
		{A885CF7C-1FE4-4028-AA01-77D862F2328C}.Release|Any CPU.Build.0 = Release|x86
		{A885CF7C-1FE4-4028-AA01-77D862F2328C}.Release|Any CPU.Deploy.0 = Release|x86
		{A885CF7C-1FE4-4028-AA01-77D862F2328C}.Release|ARM.ActiveCfg = Release|ARM
		{A885CF7C-1FE4-4028-AA01-77D862F2328C}.Release|ARM.Build.0 = Release|ARM
		{A885CF7C-1FE4-4028-AA01-77D862F2328C}.Release|ARM.Deploy.0 = Release|ARM
		{A885CF7C-1FE4-4028-AA01-77D862F2328C}.Release|iPhone.ActiveCfg = Release|x86
		{A885CF7C-1FE4-4028-AA01-77D862F2328C}.Release|iPhone.Build.0 = Release|x86
		{A885CF7C-1FE4-4028-AA01-77D862F2328C}.Release|iPhone.Deploy.0 = Release|x86
		{A885CF7C-1FE4-4028-AA01-77D862F2328C}.Release|iPhoneSimulator.ActiveCfg = Release|x86
		{A885CF7C-1FE4-4028-AA01-77D862F2328C}.Release|iPhoneSimulator.Build.0 = Release|x86
		{A885CF7C-1FE4-4028-AA01-77D862F2328C}.Release|iPhoneSimulator.Deploy.0 = Release|x86
		{A885CF7C-1FE4-4028-AA01-77D862F2328C}.Release|x64.ActiveCfg = Release|x64
		{A885CF7C-1FE4-4028-AA01-77D862F2328C}.Release|x64.Build.0 = Release|x64
		{A885CF7C-1FE4-4028-AA01-77D862F2328C}.Release|x64.Deploy.0 = Release|x64
		{A885CF7C-1FE4-4028-AA01-77D862F2328C}.Release|x86.ActiveCfg = Release|x86
		{A885CF7C-1FE4-4028-AA01-77D862F2328C}.Release|x86.Build.0 = Release|x86
		{A885CF7C-1FE4-4028-AA01-77D862F2328C}.Release|x86.Deploy.0 = Release|x86
		{D207F7B8-9ED8-4BB6-80C8-72A16FA096CF}.Debug|Any CPU.ActiveCfg = Debug|Any CPU
		{D207F7B8-9ED8-4BB6-80C8-72A16FA096CF}.Debug|Any CPU.Build.0 = Debug|Any CPU
		{D207F7B8-9ED8-4BB6-80C8-72A16FA096CF}.Debug|Any CPU.Deploy.0 = Debug|Any CPU
		{D207F7B8-9ED8-4BB6-80C8-72A16FA096CF}.Debug|ARM.ActiveCfg = Debug|Any CPU
		{D207F7B8-9ED8-4BB6-80C8-72A16FA096CF}.Debug|ARM.Build.0 = Debug|Any CPU
		{D207F7B8-9ED8-4BB6-80C8-72A16FA096CF}.Debug|ARM.Deploy.0 = Debug|Any CPU
		{D207F7B8-9ED8-4BB6-80C8-72A16FA096CF}.Debug|iPhone.ActiveCfg = Debug|Any CPU
		{D207F7B8-9ED8-4BB6-80C8-72A16FA096CF}.Debug|iPhone.Build.0 = Debug|Any CPU
		{D207F7B8-9ED8-4BB6-80C8-72A16FA096CF}.Debug|iPhone.Deploy.0 = Debug|Any CPU
		{D207F7B8-9ED8-4BB6-80C8-72A16FA096CF}.Debug|iPhoneSimulator.ActiveCfg = Debug|Any CPU
		{D207F7B8-9ED8-4BB6-80C8-72A16FA096CF}.Debug|iPhoneSimulator.Build.0 = Debug|Any CPU
		{D207F7B8-9ED8-4BB6-80C8-72A16FA096CF}.Debug|iPhoneSimulator.Deploy.0 = Debug|Any CPU
		{D207F7B8-9ED8-4BB6-80C8-72A16FA096CF}.Debug|x64.ActiveCfg = Debug|Any CPU
		{D207F7B8-9ED8-4BB6-80C8-72A16FA096CF}.Debug|x64.Build.0 = Debug|Any CPU
		{D207F7B8-9ED8-4BB6-80C8-72A16FA096CF}.Debug|x64.Deploy.0 = Debug|Any CPU
		{D207F7B8-9ED8-4BB6-80C8-72A16FA096CF}.Debug|x86.ActiveCfg = Debug|Any CPU
		{D207F7B8-9ED8-4BB6-80C8-72A16FA096CF}.Debug|x86.Build.0 = Debug|Any CPU
		{D207F7B8-9ED8-4BB6-80C8-72A16FA096CF}.Debug|x86.Deploy.0 = Debug|Any CPU
		{D207F7B8-9ED8-4BB6-80C8-72A16FA096CF}.Release|Any CPU.ActiveCfg = Release|Any CPU
		{D207F7B8-9ED8-4BB6-80C8-72A16FA096CF}.Release|Any CPU.Build.0 = Release|Any CPU
		{D207F7B8-9ED8-4BB6-80C8-72A16FA096CF}.Release|Any CPU.Deploy.0 = Release|Any CPU
		{D207F7B8-9ED8-4BB6-80C8-72A16FA096CF}.Release|ARM.ActiveCfg = Release|Any CPU
		{D207F7B8-9ED8-4BB6-80C8-72A16FA096CF}.Release|ARM.Build.0 = Release|Any CPU
		{D207F7B8-9ED8-4BB6-80C8-72A16FA096CF}.Release|ARM.Deploy.0 = Release|Any CPU
		{D207F7B8-9ED8-4BB6-80C8-72A16FA096CF}.Release|iPhone.ActiveCfg = Release|Any CPU
		{D207F7B8-9ED8-4BB6-80C8-72A16FA096CF}.Release|iPhone.Build.0 = Release|Any CPU
		{D207F7B8-9ED8-4BB6-80C8-72A16FA096CF}.Release|iPhone.Deploy.0 = Release|Any CPU
		{D207F7B8-9ED8-4BB6-80C8-72A16FA096CF}.Release|iPhoneSimulator.ActiveCfg = Release|Any CPU
		{D207F7B8-9ED8-4BB6-80C8-72A16FA096CF}.Release|iPhoneSimulator.Build.0 = Release|Any CPU
		{D207F7B8-9ED8-4BB6-80C8-72A16FA096CF}.Release|iPhoneSimulator.Deploy.0 = Release|Any CPU
		{D207F7B8-9ED8-4BB6-80C8-72A16FA096CF}.Release|x64.ActiveCfg = Release|Any CPU
		{D207F7B8-9ED8-4BB6-80C8-72A16FA096CF}.Release|x64.Build.0 = Release|Any CPU
		{D207F7B8-9ED8-4BB6-80C8-72A16FA096CF}.Release|x64.Deploy.0 = Release|Any CPU
		{D207F7B8-9ED8-4BB6-80C8-72A16FA096CF}.Release|x86.ActiveCfg = Release|Any CPU
		{D207F7B8-9ED8-4BB6-80C8-72A16FA096CF}.Release|x86.Build.0 = Release|Any CPU
		{D207F7B8-9ED8-4BB6-80C8-72A16FA096CF}.Release|x86.Deploy.0 = Release|Any CPU
		{A9390ECF-DC7D-44AF-9DFE-60D32A358FE6}.Debug|Any CPU.ActiveCfg = Debug|iPhoneSimulator
		{A9390ECF-DC7D-44AF-9DFE-60D32A358FE6}.Debug|Any CPU.Build.0 = Debug|iPhoneSimulator
		{A9390ECF-DC7D-44AF-9DFE-60D32A358FE6}.Debug|Any CPU.Deploy.0 = Debug|iPhoneSimulator
		{A9390ECF-DC7D-44AF-9DFE-60D32A358FE6}.Debug|ARM.ActiveCfg = Debug|iPhone
		{A9390ECF-DC7D-44AF-9DFE-60D32A358FE6}.Debug|ARM.Build.0 = Debug|iPhone
		{A9390ECF-DC7D-44AF-9DFE-60D32A358FE6}.Debug|ARM.Deploy.0 = Debug|iPhone
		{A9390ECF-DC7D-44AF-9DFE-60D32A358FE6}.Debug|iPhone.ActiveCfg = Debug|iPhone
		{A9390ECF-DC7D-44AF-9DFE-60D32A358FE6}.Debug|iPhone.Build.0 = Debug|iPhone
		{A9390ECF-DC7D-44AF-9DFE-60D32A358FE6}.Debug|iPhone.Deploy.0 = Debug|iPhone
		{A9390ECF-DC7D-44AF-9DFE-60D32A358FE6}.Debug|iPhoneSimulator.ActiveCfg = Debug|iPhoneSimulator
		{A9390ECF-DC7D-44AF-9DFE-60D32A358FE6}.Debug|iPhoneSimulator.Build.0 = Debug|iPhoneSimulator
		{A9390ECF-DC7D-44AF-9DFE-60D32A358FE6}.Debug|iPhoneSimulator.Deploy.0 = Debug|iPhoneSimulator
		{A9390ECF-DC7D-44AF-9DFE-60D32A358FE6}.Debug|x64.ActiveCfg = Debug|iPhoneSimulator
		{A9390ECF-DC7D-44AF-9DFE-60D32A358FE6}.Debug|x64.Build.0 = Debug|iPhoneSimulator
		{A9390ECF-DC7D-44AF-9DFE-60D32A358FE6}.Debug|x64.Deploy.0 = Debug|iPhoneSimulator
		{A9390ECF-DC7D-44AF-9DFE-60D32A358FE6}.Debug|x86.ActiveCfg = Debug|iPhoneSimulator
		{A9390ECF-DC7D-44AF-9DFE-60D32A358FE6}.Debug|x86.Build.0 = Debug|iPhoneSimulator
		{A9390ECF-DC7D-44AF-9DFE-60D32A358FE6}.Debug|x86.Deploy.0 = Debug|iPhoneSimulator
		{A9390ECF-DC7D-44AF-9DFE-60D32A358FE6}.Release|Any CPU.ActiveCfg = Release|iPhoneSimulator
		{A9390ECF-DC7D-44AF-9DFE-60D32A358FE6}.Release|Any CPU.Build.0 = Release|iPhoneSimulator
		{A9390ECF-DC7D-44AF-9DFE-60D32A358FE6}.Release|Any CPU.Deploy.0 = Release|iPhoneSimulator
		{A9390ECF-DC7D-44AF-9DFE-60D32A358FE6}.Release|ARM.ActiveCfg = Release|iPhoneSimulator
		{A9390ECF-DC7D-44AF-9DFE-60D32A358FE6}.Release|ARM.Build.0 = Release|iPhoneSimulator
		{A9390ECF-DC7D-44AF-9DFE-60D32A358FE6}.Release|ARM.Deploy.0 = Release|iPhoneSimulator
		{A9390ECF-DC7D-44AF-9DFE-60D32A358FE6}.Release|iPhone.ActiveCfg = Release|iPhone
		{A9390ECF-DC7D-44AF-9DFE-60D32A358FE6}.Release|iPhone.Build.0 = Release|iPhone
		{A9390ECF-DC7D-44AF-9DFE-60D32A358FE6}.Release|iPhone.Deploy.0 = Release|iPhone
		{A9390ECF-DC7D-44AF-9DFE-60D32A358FE6}.Release|iPhoneSimulator.ActiveCfg = Release|iPhoneSimulator
		{A9390ECF-DC7D-44AF-9DFE-60D32A358FE6}.Release|iPhoneSimulator.Build.0 = Release|iPhoneSimulator
		{A9390ECF-DC7D-44AF-9DFE-60D32A358FE6}.Release|iPhoneSimulator.Deploy.0 = Release|iPhoneSimulator
		{A9390ECF-DC7D-44AF-9DFE-60D32A358FE6}.Release|x64.ActiveCfg = Release|iPhoneSimulator
		{A9390ECF-DC7D-44AF-9DFE-60D32A358FE6}.Release|x64.Build.0 = Release|iPhoneSimulator
		{A9390ECF-DC7D-44AF-9DFE-60D32A358FE6}.Release|x64.Deploy.0 = Release|iPhoneSimulator
		{A9390ECF-DC7D-44AF-9DFE-60D32A358FE6}.Release|x86.ActiveCfg = Release|iPhoneSimulator
		{A9390ECF-DC7D-44AF-9DFE-60D32A358FE6}.Release|x86.Build.0 = Release|iPhoneSimulator
		{A9390ECF-DC7D-44AF-9DFE-60D32A358FE6}.Release|x86.Deploy.0 = Release|iPhoneSimulator
		{BB9D1F41-43ED-437D-B9D6-7D2D88D382F7}.Debug|Any CPU.ActiveCfg = Debug|Any CPU
		{BB9D1F41-43ED-437D-B9D6-7D2D88D382F7}.Debug|Any CPU.Build.0 = Debug|Any CPU
		{BB9D1F41-43ED-437D-B9D6-7D2D88D382F7}.Debug|Any CPU.Deploy.0 = Debug|Any CPU
		{BB9D1F41-43ED-437D-B9D6-7D2D88D382F7}.Debug|ARM.ActiveCfg = Debug|Any CPU
		{BB9D1F41-43ED-437D-B9D6-7D2D88D382F7}.Debug|ARM.Build.0 = Debug|Any CPU
		{BB9D1F41-43ED-437D-B9D6-7D2D88D382F7}.Debug|ARM.Deploy.0 = Debug|Any CPU
		{BB9D1F41-43ED-437D-B9D6-7D2D88D382F7}.Debug|iPhone.ActiveCfg = Debug|Any CPU
		{BB9D1F41-43ED-437D-B9D6-7D2D88D382F7}.Debug|iPhone.Build.0 = Debug|Any CPU
		{BB9D1F41-43ED-437D-B9D6-7D2D88D382F7}.Debug|iPhone.Deploy.0 = Debug|Any CPU
		{BB9D1F41-43ED-437D-B9D6-7D2D88D382F7}.Debug|iPhoneSimulator.ActiveCfg = Debug|Any CPU
		{BB9D1F41-43ED-437D-B9D6-7D2D88D382F7}.Debug|iPhoneSimulator.Build.0 = Debug|Any CPU
		{BB9D1F41-43ED-437D-B9D6-7D2D88D382F7}.Debug|iPhoneSimulator.Deploy.0 = Debug|Any CPU
		{BB9D1F41-43ED-437D-B9D6-7D2D88D382F7}.Debug|x64.ActiveCfg = Debug|Any CPU
		{BB9D1F41-43ED-437D-B9D6-7D2D88D382F7}.Debug|x64.Build.0 = Debug|Any CPU
		{BB9D1F41-43ED-437D-B9D6-7D2D88D382F7}.Debug|x64.Deploy.0 = Debug|Any CPU
		{BB9D1F41-43ED-437D-B9D6-7D2D88D382F7}.Debug|x86.ActiveCfg = Debug|Any CPU
		{BB9D1F41-43ED-437D-B9D6-7D2D88D382F7}.Debug|x86.Build.0 = Debug|Any CPU
		{BB9D1F41-43ED-437D-B9D6-7D2D88D382F7}.Debug|x86.Deploy.0 = Debug|Any CPU
		{BB9D1F41-43ED-437D-B9D6-7D2D88D382F7}.Release|Any CPU.ActiveCfg = Release|Any CPU
		{BB9D1F41-43ED-437D-B9D6-7D2D88D382F7}.Release|Any CPU.Build.0 = Release|Any CPU
		{BB9D1F41-43ED-437D-B9D6-7D2D88D382F7}.Release|Any CPU.Deploy.0 = Release|Any CPU
		{BB9D1F41-43ED-437D-B9D6-7D2D88D382F7}.Release|ARM.ActiveCfg = Release|Any CPU
		{BB9D1F41-43ED-437D-B9D6-7D2D88D382F7}.Release|ARM.Build.0 = Release|Any CPU
		{BB9D1F41-43ED-437D-B9D6-7D2D88D382F7}.Release|ARM.Deploy.0 = Release|Any CPU
		{BB9D1F41-43ED-437D-B9D6-7D2D88D382F7}.Release|iPhone.ActiveCfg = Release|Any CPU
		{BB9D1F41-43ED-437D-B9D6-7D2D88D382F7}.Release|iPhone.Build.0 = Release|Any CPU
		{BB9D1F41-43ED-437D-B9D6-7D2D88D382F7}.Release|iPhone.Deploy.0 = Release|Any CPU
		{BB9D1F41-43ED-437D-B9D6-7D2D88D382F7}.Release|iPhoneSimulator.ActiveCfg = Release|Any CPU
		{BB9D1F41-43ED-437D-B9D6-7D2D88D382F7}.Release|iPhoneSimulator.Build.0 = Release|Any CPU
		{BB9D1F41-43ED-437D-B9D6-7D2D88D382F7}.Release|iPhoneSimulator.Deploy.0 = Release|Any CPU
		{BB9D1F41-43ED-437D-B9D6-7D2D88D382F7}.Release|x64.ActiveCfg = Release|Any CPU
		{BB9D1F41-43ED-437D-B9D6-7D2D88D382F7}.Release|x64.Build.0 = Release|Any CPU
		{BB9D1F41-43ED-437D-B9D6-7D2D88D382F7}.Release|x64.Deploy.0 = Release|Any CPU
		{BB9D1F41-43ED-437D-B9D6-7D2D88D382F7}.Release|x86.ActiveCfg = Release|Any CPU
		{BB9D1F41-43ED-437D-B9D6-7D2D88D382F7}.Release|x86.Build.0 = Release|Any CPU
		{BB9D1F41-43ED-437D-B9D6-7D2D88D382F7}.Release|x86.Deploy.0 = Release|Any CPU
	EndGlobalSection
	GlobalSection(SolutionProperties) = preSolution
		HideSolutionNode = FALSE
	EndGlobalSection
	GlobalSection(ExtensibilityGlobals) = postSolution
		SolutionGuid = {BCC19C18-C3EA-4ED6-B8B3-921A523568B1}
	EndGlobalSection
EndGlobal
